github.com/atharvyadav96k/SPOTNEARR_SHARED v1.0.1 h1:E4h7f6L9l4GTus7SXcVkTYDbKq6pht89i8sbUBNAu/w=
github.com/atharvyadav96k/SPOTNEARR_SHARED v1.0.1/go.mod h1:jyqqLKitSvYqFuqlDcuRr1dc25TjEKXwAeqRSxPiIUQ=
github.com/atharvyadav96k/SPOTNEARR_SHARED v1.0.2 h1:HoBkOn9pLxUgzxfcsfgSbpiCULvF2Eu8DZRvBOAj9bg=
github.com/atharvyadav96k/SPOTNEARR_SHARED v1.0.2/go.mod h1:jyqqLKitSvYqFuqlDcuRr1dc25TjEKXwAeqRSxPiIUQ=
