github.com/atharvyadav96k/SPOTNEARR_SHARED v0.0.0-20260408185514-73bf2fd397b3 h1:dW5EueAGbs3ZizNSsbuLXw8IHhi7hmOT7PsvMQlVnSE=
github.com/atharvyadav96k/SPOTNEARR_SHARED v0.0.0-20260408185514-73bf2fd397b3/go.mod h1:jyqqLKitSvYqFuqlDcuRr1dc25TjEKXwAeqRSxPiIUQ=
github.com/atharvyadav96k/SPOTNEARR_SHARED v1.0.0 h1:Z4YS9ab6fYg6S3TAct1LGcgqehu9Eg3N0wNPmj0RVww=
github.com/atharvyadav96k/SPOTNEARR_SHARED v1.0.0/go.mod h1:jyqqLKitSvYqFuqlDcuRr1dc25TjEKXwAeqRSxPiIUQ=
github.com/atharvyadav96k/SPOTNEARR_SHARED v1.0.1 h1:E4h7f6L9l4GTus7SXcVkTYDbKq6pht89i8sbUBNAu/w=
github.com/atharvyadav96k/SPOTNEARR_SHARED v1.0.1/go.mod h1:jyqqLKitSvYqFuqlDcuRr1dc25TjEKXwAeqRSxPiIUQ=
